
Microsoft Visual Studio Solution File, Format Version 12.00
# Visual Studio Version 17
VisualStudioVersion = 17.3.32811.315
MinimumVisualStudioVersion = 10.0.40219.1
Project("{9A19103F-16F7-4668-BE54-9A1E7A4F7556}") = "BugTrackerApi", "BugTrackerApi\BugTrackerApi.csproj", "{2166314E-D269-435A-A718-86393C5504F7}"
EndProject
Global
	GlobalSection(SolutionConfigurationPlatforms) = preSolution
		Debug|Any CPU = Debug|Any CPU
		Release|Any CPU = Release|Any CPU
	EndGlobalSection
	GlobalSection(ProjectConfigurationPlatforms) = postSolution
		{2166314E-D269-435A-A718-86393C5504F7}.Debug|Any CPU.ActiveCfg = Debug|Any CPU
		{2166314E-D269-435A-A718-86393C5504F7}.Debug|Any CPU.Build.0 = Debug|Any CPU
		{2166314E-D269-435A-A718-86393C5504F7}.Release|Any CPU.ActiveCfg = Release|Any CPU
		{2166314E-D269-435A-A718-86393C5504F7}.Release|Any CPU.Build.0 = Release|Any CPU
	EndGlobalSection
	GlobalSection(SolutionProperties) = preSolution
		HideSolutionNode = FALSE
	EndGlobalSection
	GlobalSection(ExtensibilityGlobals) = postSolution
		SolutionGuid = {921A968F-F5AF-4411-9D2D-BC1F26EA90D0}
	EndGlobalSection
EndGlobal
